
Microsoft Visual Studio Solution File, Format Version 12.00
# Visual Studio 15
VisualStudioVersion = 15.0.28010.2036
MinimumVisualStudioVersion = 10.0.40219.1
Project("{888888A0-9F3D-457C-B088-3A5042F75D52}") = "WebProject", "WebProject\WebProject.pyproj", "{21B97940-CC67-4F64-A8BE-5624975520A4}"
EndProject
Global
	GlobalSection(SolutionConfigurationPlatforms) = preSolution
		Debug|Any CPU = Debug|Any CPU
		Release|Any CPU = Release|Any CPU
	EndGlobalSection
	GlobalSection(ProjectConfigurationPlatforms) = postSolution
		{21B97940-CC67-4F64-A8BE-5624975520A4}.Debug|Any CPU.ActiveCfg = Debug|Any CPU
		{21B97940-CC67-4F64-A8BE-5624975520A4}.Debug|Any CPU.Build.0 = Debug|Any CPU
		{21B97940-CC67-4F64-A8BE-5624975520A4}.Release|Any CPU.ActiveCfg = Release|Any CPU
		{21B97940-CC67-4F64-A8BE-5624975520A4}.Release|Any CPU.Build.0 = Release|Any CPU
	EndGlobalSection
	GlobalSection(SolutionProperties) = preSolution
		HideSolutionNode = FALSE
	EndGlobalSection
	GlobalSection(ExtensibilityGlobals) = postSolution
		SolutionGuid = {F77F7061-7811-4010-98F3-BF0A63098341}
	EndGlobalSection
EndGlobal
